
Microsoft Visual Studio Solution File, Format Version 12.00
# Visual Studio Version 17
VisualStudioVersion = 17.5.33424.131
MinimumVisualStudioVersion = 10.0.40219.1
Project("{9A19103F-16F7-4668-BE54-9A1E7A4F7556}") = "Exercicio01.App", "ListaExerciciosClasseString.App\Exercicio01.App.csproj", "{033D5DB0-433C-4162-AD15-B7ED100C3CD8}"
EndProject
Project("{9A19103F-16F7-4668-BE54-9A1E7A4F7556}") = "Exercicio02.App", "Exercicio02.App\Exercicio02.App.csproj", "{D3DEC9B2-1E1A-441B-8FF3-6630C8D20BFE}"
EndProject
Project("{9A19103F-16F7-4668-BE54-9A1E7A4F7556}") = "Exercicio06.App", "Exercicio.App\Exercicio06.App.csproj", "{28400DD5-9289-42E2-AF1B-ECC217BD7526}"
EndProject
Project("{FAE04EC0-301F-11D3-BF4B-00C04F79EFBC}") = "Exercicio04.App", "Exercicio04.App\Exercicio04.App.csproj", "{AC7A248E-13C6-4643-9914-3ECBF8D8BA2A}"
EndProject
Project("{FAE04EC0-301F-11D3-BF4B-00C04F79EFBC}") = "Exercicio05.App", "Exercicio05.App\Exercicio05.App.csproj", "{1A64C3D9-E861-45D0-8631-625C158A6FBE}"
EndProject
Global
	GlobalSection(SolutionConfigurationPlatforms) = preSolution
		Debug|Any CPU = Debug|Any CPU
		Release|Any CPU = Release|Any CPU
	EndGlobalSection
	GlobalSection(ProjectConfigurationPlatforms) = postSolution
		{033D5DB0-433C-4162-AD15-B7ED100C3CD8}.Debug|Any CPU.ActiveCfg = Debug|Any CPU
		{033D5DB0-433C-4162-AD15-B7ED100C3CD8}.Debug|Any CPU.Build.0 = Debug|Any CPU
		{033D5DB0-433C-4162-AD15-B7ED100C3CD8}.Release|Any CPU.ActiveCfg = Release|Any CPU
		{033D5DB0-433C-4162-AD15-B7ED100C3CD8}.Release|Any CPU.Build.0 = Release|Any CPU
		{D3DEC9B2-1E1A-441B-8FF3-6630C8D20BFE}.Debug|Any CPU.ActiveCfg = Debug|Any CPU
		{D3DEC9B2-1E1A-441B-8FF3-6630C8D20BFE}.Debug|Any CPU.Build.0 = Debug|Any CPU
		{D3DEC9B2-1E1A-441B-8FF3-6630C8D20BFE}.Release|Any CPU.ActiveCfg = Release|Any CPU
		{D3DEC9B2-1E1A-441B-8FF3-6630C8D20BFE}.Release|Any CPU.Build.0 = Release|Any CPU
		{28400DD5-9289-42E2-AF1B-ECC217BD7526}.Debug|Any CPU.ActiveCfg = Debug|Any CPU
		{28400DD5-9289-42E2-AF1B-ECC217BD7526}.Debug|Any CPU.Build.0 = Debug|Any CPU
		{28400DD5-9289-42E2-AF1B-ECC217BD7526}.Release|Any CPU.ActiveCfg = Release|Any CPU
		{28400DD5-9289-42E2-AF1B-ECC217BD7526}.Release|Any CPU.Build.0 = Release|Any CPU
		{AC7A248E-13C6-4643-9914-3ECBF8D8BA2A}.Debug|Any CPU.ActiveCfg = Debug|Any CPU
		{AC7A248E-13C6-4643-9914-3ECBF8D8BA2A}.Debug|Any CPU.Build.0 = Debug|Any CPU
		{AC7A248E-13C6-4643-9914-3ECBF8D8BA2A}.Release|Any CPU.ActiveCfg = Release|Any CPU
		{AC7A248E-13C6-4643-9914-3ECBF8D8BA2A}.Release|Any CPU.Build.0 = Release|Any CPU
		{1A64C3D9-E861-45D0-8631-625C158A6FBE}.Debug|Any CPU.ActiveCfg = Debug|Any CPU
		{1A64C3D9-E861-45D0-8631-625C158A6FBE}.Debug|Any CPU.Build.0 = Debug|Any CPU
		{1A64C3D9-E861-45D0-8631-625C158A6FBE}.Release|Any CPU.ActiveCfg = Release|Any CPU
		{1A64C3D9-E861-45D0-8631-625C158A6FBE}.Release|Any CPU.Build.0 = Release|Any CPU
	EndGlobalSection
	GlobalSection(SolutionProperties) = preSolution
		HideSolutionNode = FALSE
	EndGlobalSection
	GlobalSection(ExtensibilityGlobals) = postSolution
		SolutionGuid = {72460393-D6CF-4321-BEBB-8501A1BC7B27}
	EndGlobalSection
EndGlobal
